
Microsoft Visual Studio Solution File, Format Version 12.00
# Visual Studio 15
VisualStudioVersion = 15.0.27428.2027
MinimumVisualStudioVersion = 10.0.40219.1
Project("{FAE04EC0-301F-11D3-BF4B-00C04F79EFBC}") = "SingleResponsibility", "DesignPatterns\SingleResponsibility.csproj", "{8328A288-1F37-44F3-ADDD-B6AC082E07FC}"
EndProject
Project("{FAE04EC0-301F-11D3-BF4B-00C04F79EFBC}") = "OpenClosed", "OpenClosed\OpenClosed.csproj", "{2ABCACED-8F8F-4418-AD9D-74C528962DBD}"
EndProject
Project("{FAE04EC0-301F-11D3-BF4B-00C04F79EFBC}") = "OpenClosed2", "OpenClosed2\OpenClosed2.csproj", "{D34C6BFD-0CAF-4805-B012-9B8BA3D8C2FE}"
EndProject
Project("{FAE04EC0-301F-11D3-BF4B-00C04F79EFBC}") = "LiskovSubstitution", "LiskovSubstitution\LiskovSubstitution.csproj", "{ADE285F4-E75D-46BC-8E96-53588B7BE815}"
EndProject
Project("{FAE04EC0-301F-11D3-BF4B-00C04F79EFBC}") = "LiskovSubstitution2", "LiskovSubstitution2\LiskovSubstitution2.csproj", "{86850DE0-C028-44EF-9E30-3164F9F265F5}"
EndProject
Project("{FAE04EC0-301F-11D3-BF4B-00C04F79EFBC}") = "InterfaceSegregation", "InterfaceSegregation\InterfaceSegregation.csproj", "{3D9E8E71-3291-436A-86E2-0E7A1DDCD196}"
EndProject
Project("{FAE04EC0-301F-11D3-BF4B-00C04F79EFBC}") = "DependencyInversion", "DependencyInversion\DependencyInversion.csproj", "{DF30A8A3-4609-4C2F-9E73-090CCDA44796}"
EndProject
Project("{2150E333-8FDC-42A3-9474-1A3956D46DE8}") = "Tim Corey", "Tim Corey", "{C36BD870-7192-44DD-A7BC-5829099934CB}"
EndProject
Project("{2150E333-8FDC-42A3-9474-1A3956D46DE8}") = "OCP", "OCP", "{91C75A4D-AD4F-4732-AF4A-BDD79790C4B3}"
EndProject
Project("{FAE04EC0-301F-11D3-BF4B-00C04F79EFBC}") = "Completed_OpenClosed", "Tim Corey\OCP\OCPDemoCompleted\ConsoleUI\Completed_OpenClosed.csproj", "{44111496-C77B-4329-9273-98048CB98140}"
EndProject
Project("{FAE04EC0-301F-11D3-BF4B-00C04F79EFBC}") = "Completed_OpenClosed_Library", "Tim Corey\OCP\OCPDemoCompleted\OCPLibrary\Completed_OpenClosed_Library.csproj", "{2B3E6279-9EF6-43CF-8F96-36477835770D}"
EndProject
Project("{FAE04EC0-301F-11D3-BF4B-00C04F79EFBC}") = "OpenClosed", "Tim Corey\OCP\OCPDemoStart\ConsoleUI\OpenClosed.csproj", "{4FB4B537-DE4B-4261-ADAA-4074DF9EDA25}"
EndProject
Project("{FAE04EC0-301F-11D3-BF4B-00C04F79EFBC}") = "OpenClosed_Library", "Tim Corey\OCP\OCPDemoStart\OCPLibrary\OpenClosed_Library.csproj", "{9CC28A4F-123B-424F-95DD-273994AB6D35}"
EndProject
Project("{2150E333-8FDC-42A3-9474-1A3956D46DE8}") = "Dmitri Nesteruk", "Dmitri Nesteruk", "{6844951B-A21E-4569-9062-2D9B376F063B}"
EndProject
Global
	GlobalSection(SolutionConfigurationPlatforms) = preSolution
		Debug|Any CPU = Debug|Any CPU
		Release|Any CPU = Release|Any CPU
	EndGlobalSection
	GlobalSection(ProjectConfigurationPlatforms) = postSolution
		{8328A288-1F37-44F3-ADDD-B6AC082E07FC}.Debug|Any CPU.ActiveCfg = Debug|Any CPU
		{8328A288-1F37-44F3-ADDD-B6AC082E07FC}.Debug|Any CPU.Build.0 = Debug|Any CPU
		{8328A288-1F37-44F3-ADDD-B6AC082E07FC}.Release|Any CPU.ActiveCfg = Release|Any CPU
		{8328A288-1F37-44F3-ADDD-B6AC082E07FC}.Release|Any CPU.Build.0 = Release|Any CPU
		{2ABCACED-8F8F-4418-AD9D-74C528962DBD}.Debug|Any CPU.ActiveCfg = Debug|Any CPU
		{2ABCACED-8F8F-4418-AD9D-74C528962DBD}.Debug|Any CPU.Build.0 = Debug|Any CPU
		{2ABCACED-8F8F-4418-AD9D-74C528962DBD}.Release|Any CPU.ActiveCfg = Release|Any CPU
		{2ABCACED-8F8F-4418-AD9D-74C528962DBD}.Release|Any CPU.Build.0 = Release|Any CPU
		{D34C6BFD-0CAF-4805-B012-9B8BA3D8C2FE}.Debug|Any CPU.ActiveCfg = Debug|Any CPU
		{D34C6BFD-0CAF-4805-B012-9B8BA3D8C2FE}.Debug|Any CPU.Build.0 = Debug|Any CPU
		{D34C6BFD-0CAF-4805-B012-9B8BA3D8C2FE}.Release|Any CPU.ActiveCfg = Release|Any CPU
		{D34C6BFD-0CAF-4805-B012-9B8BA3D8C2FE}.Release|Any CPU.Build.0 = Release|Any CPU
		{ADE285F4-E75D-46BC-8E96-53588B7BE815}.Debug|Any CPU.ActiveCfg = Debug|Any CPU
		{ADE285F4-E75D-46BC-8E96-53588B7BE815}.Debug|Any CPU.Build.0 = Debug|Any CPU
		{ADE285F4-E75D-46BC-8E96-53588B7BE815}.Release|Any CPU.ActiveCfg = Release|Any CPU
		{ADE285F4-E75D-46BC-8E96-53588B7BE815}.Release|Any CPU.Build.0 = Release|Any CPU
		{86850DE0-C028-44EF-9E30-3164F9F265F5}.Debug|Any CPU.ActiveCfg = Debug|Any CPU
		{86850DE0-C028-44EF-9E30-3164F9F265F5}.Debug|Any CPU.Build.0 = Debug|Any CPU
		{86850DE0-C028-44EF-9E30-3164F9F265F5}.Release|Any CPU.ActiveCfg = Release|Any CPU
		{86850DE0-C028-44EF-9E30-3164F9F265F5}.Release|Any CPU.Build.0 = Release|Any CPU
		{3D9E8E71-3291-436A-86E2-0E7A1DDCD196}.Debug|Any CPU.ActiveCfg = Debug|Any CPU
		{3D9E8E71-3291-436A-86E2-0E7A1DDCD196}.Debug|Any CPU.Build.0 = Debug|Any CPU
		{3D9E8E71-3291-436A-86E2-0E7A1DDCD196}.Release|Any CPU.ActiveCfg = Release|Any CPU
		{3D9E8E71-3291-436A-86E2-0E7A1DDCD196}.Release|Any CPU.Build.0 = Release|Any CPU
		{DF30A8A3-4609-4C2F-9E73-090CCDA44796}.Debug|Any CPU.ActiveCfg = Debug|Any CPU
		{DF30A8A3-4609-4C2F-9E73-090CCDA44796}.Debug|Any CPU.Build.0 = Debug|Any CPU
		{DF30A8A3-4609-4C2F-9E73-090CCDA44796}.Release|Any CPU.ActiveCfg = Release|Any CPU
		{DF30A8A3-4609-4C2F-9E73-090CCDA44796}.Release|Any CPU.Build.0 = Release|Any CPU
		{44111496-C77B-4329-9273-98048CB98140}.Debug|Any CPU.ActiveCfg = Debug|Any CPU
		{44111496-C77B-4329-9273-98048CB98140}.Debug|Any CPU.Build.0 = Debug|Any CPU
		{44111496-C77B-4329-9273-98048CB98140}.Release|Any CPU.ActiveCfg = Release|Any CPU
		{44111496-C77B-4329-9273-98048CB98140}.Release|Any CPU.Build.0 = Release|Any CPU
		{2B3E6279-9EF6-43CF-8F96-36477835770D}.Debug|Any CPU.ActiveCfg = Debug|Any CPU
		{2B3E6279-9EF6-43CF-8F96-36477835770D}.Debug|Any CPU.Build.0 = Debug|Any CPU
		{2B3E6279-9EF6-43CF-8F96-36477835770D}.Release|Any CPU.ActiveCfg = Release|Any CPU
		{2B3E6279-9EF6-43CF-8F96-36477835770D}.Release|Any CPU.Build.0 = Release|Any CPU
		{4FB4B537-DE4B-4261-ADAA-4074DF9EDA25}.Debug|Any CPU.ActiveCfg = Debug|Any CPU
		{4FB4B537-DE4B-4261-ADAA-4074DF9EDA25}.Debug|Any CPU.Build.0 = Debug|Any CPU
		{4FB4B537-DE4B-4261-ADAA-4074DF9EDA25}.Release|Any CPU.ActiveCfg = Release|Any CPU
		{4FB4B537-DE4B-4261-ADAA-4074DF9EDA25}.Release|Any CPU.Build.0 = Release|Any CPU
		{9CC28A4F-123B-424F-95DD-273994AB6D35}.Debug|Any CPU.ActiveCfg = Debug|Any CPU
		{9CC28A4F-123B-424F-95DD-273994AB6D35}.Debug|Any CPU.Build.0 = Debug|Any CPU
		{9CC28A4F-123B-424F-95DD-273994AB6D35}.Release|Any CPU.ActiveCfg = Release|Any CPU
		{9CC28A4F-123B-424F-95DD-273994AB6D35}.Release|Any CPU.Build.0 = Release|Any CPU
	EndGlobalSection
	GlobalSection(SolutionProperties) = preSolution
		HideSolutionNode = FALSE
	EndGlobalSection
	GlobalSection(NestedProjects) = preSolution
		{8328A288-1F37-44F3-ADDD-B6AC082E07FC} = {6844951B-A21E-4569-9062-2D9B376F063B}
		{2ABCACED-8F8F-4418-AD9D-74C528962DBD} = {6844951B-A21E-4569-9062-2D9B376F063B}
		{ADE285F4-E75D-46BC-8E96-53588B7BE815} = {6844951B-A21E-4569-9062-2D9B376F063B}
		{3D9E8E71-3291-436A-86E2-0E7A1DDCD196} = {6844951B-A21E-4569-9062-2D9B376F063B}
		{DF30A8A3-4609-4C2F-9E73-090CCDA44796} = {6844951B-A21E-4569-9062-2D9B376F063B}
		{91C75A4D-AD4F-4732-AF4A-BDD79790C4B3} = {C36BD870-7192-44DD-A7BC-5829099934CB}
		{44111496-C77B-4329-9273-98048CB98140} = {91C75A4D-AD4F-4732-AF4A-BDD79790C4B3}
		{2B3E6279-9EF6-43CF-8F96-36477835770D} = {91C75A4D-AD4F-4732-AF4A-BDD79790C4B3}
		{4FB4B537-DE4B-4261-ADAA-4074DF9EDA25} = {91C75A4D-AD4F-4732-AF4A-BDD79790C4B3}
		{9CC28A4F-123B-424F-95DD-273994AB6D35} = {91C75A4D-AD4F-4732-AF4A-BDD79790C4B3}
	EndGlobalSection
	GlobalSection(ExtensibilityGlobals) = postSolution
		SolutionGuid = {C73F51AF-4BB9-49A1-88A9-CF05E6E136D1}
	EndGlobalSection
EndGlobal
